<Solution>
  <Folder Name="/解决方案项/">
    <File Path="README.md" />
  </Folder>
  <Project Path="BattleBackend/BattleBackend.csproj" Id="9c9ce924-e289-48a9-9720-696a75b4f5c6" />
  <Project Path="BattleFrontEnd/battlefrontend.esproj">
    <Build />
    <Deploy />
  </Project>
  <Project Path="BattleLogic/BattleCore.csproj" Id="c3e17c54-c6ab-4ae5-86f6-000269297246" />
  <Project Path="BattleTestProject/BattleTestProject.csproj" Id="a147a651-3184-42d2-9a04-118e3049114b" />
  <Project Path="DataCore/DataCore.csproj" Id="2d6b9ce7-170e-464b-b575-ff156aee61b6" />
</Solution>
